// !$*UTF8*$!
{
	archiveVersion = 1;
	classes = {
	};
	objectVersion = 46;
	objects = {

/* Begin PBXBuildFile section */
		9903EB6E1E0CE4A60021AACA /* ParamsEmbedTableViewController.swift in Sources */ = {isa = PBXBuildFile; fileRef = 9903EB6D1E0CE4A60021AACA /* ParamsEmbedTableViewController.swift */; };
		99145C4F1E15818000891B06 /* Utils.swift in Sources */ = {isa = PBXBuildFile; fileRef = 99145C4E1E15818000891B06 /* Utils.swift */; };
		99145C521E15862600891B06 /* blackhole.mp4 in Resources */ = {isa = PBXBuildFile; fileRef = 99145C501E15862600891B06 /* blackhole.mp4 */; };
		99145C531E15862600891B06 /* Charlie The Unicorn.m4v in Resources */ = {isa = PBXBuildFile; fileRef = 99145C511E15862600891B06 /* Charlie The Unicorn.m4v */; };
		99145C571E16685400891B06 /* VideosTableViewController.swift in Sources */ = {isa = PBXBuildFile; fileRef = 99145C561E16685400891B06 /* VideosTableViewController.swift */; };
		9914922B1DDBDA5F005FF2BD /* MediaManager.swift in Sources */ = {isa = PBXBuildFile; fileRef = 9914922A1DDBDA5F005FF2BD /* MediaManager.swift */; };
		9914922D1DDBDF79005FF2BD /* MediaItem.swift in Sources */ = {isa = PBXBuildFile; fileRef = 9914922C1DDBDF79005FF2BD /* MediaItem.swift */; };
		9914922E1DDBF442005FF2BD /* EZPlayer.framework in Frameworks */ = {isa = PBXBuildFile; fileRef = 995E794E1DD9A404006CE7E9 /* EZPlayer.framework */; };
		991595E21DE5D97B00D3CA1F /* EZPlayer.framework in Embed Frameworks */ = {isa = PBXBuildFile; fileRef = 995E794E1DD9A404006CE7E9 /* EZPlayer.framework */; settings = {ATTRIBUTES = (CodeSignOnCopy, RemoveHeadersOnCopy, ); }; };
		99453E071DE41F5100BBF2FB /* hubblecast.m4v in Resources */ = {isa = PBXBuildFile; fileRef = 99453E061DE41F5100BBF2FB /* hubblecast.m4v */; };
		99504F811DE6C3BF00E1058D /* testVideo-0.ts in Resources */ = {isa = PBXBuildFile; fileRef = 99504F7E1DE6C3BF00E1058D /* testVideo-0.ts */; };
		99504F821DE6C3BF00E1058D /* testVideo-1.ts in Resources */ = {isa = PBXBuildFile; fileRef = 99504F7F1DE6C3BF00E1058D /* testVideo-1.ts */; };
		99504F831DE6C3BF00E1058D /* testVideo.m3u8 in Resources */ = {isa = PBXBuildFile; fileRef = 99504F801DE6C3BF00E1058D /* testVideo.m3u8 */; };
		995E79381DD9A3CF006CE7E9 /* AppDelegate.swift in Sources */ = {isa = PBXBuildFile; fileRef = 995E79371DD9A3CF006CE7E9 /* AppDelegate.swift */; };
		995E793D1DD9A3CF006CE7E9 /* Main.storyboard in Resources */ = {isa = PBXBuildFile; fileRef = 995E793B1DD9A3CF006CE7E9 /* Main.storyboard */; };
		995E793F1DD9A3CF006CE7E9 /* Assets.xcassets in Resources */ = {isa = PBXBuildFile; fileRef = 995E793E1DD9A3CF006CE7E9 /* Assets.xcassets */; };
		995E79421DD9A3CF006CE7E9 /* LaunchScreen.storyboard in Resources */ = {isa = PBXBuildFile; fileRef = 995E79401DD9A3CF006CE7E9 /* LaunchScreen.storyboard */; };
		99C1A2C71DDB46510096A543 /* TabBarController.swift in Sources */ = {isa = PBXBuildFile; fileRef = 99C1A2C61DDB46510096A543 /* TabBarController.swift */; };
		99C1A2C91DDBC8EF0096A543 /* NavigationController.swift in Sources */ = {isa = PBXBuildFile; fileRef = 99C1A2C81DDBC8EF0096A543 /* NavigationController.swift */; };
		99C1A2CD1DDBC9870096A543 /* ParamsViewController.swift in Sources */ = {isa = PBXBuildFile; fileRef = 99C1A2CC1DDBC9870096A543 /* ParamsViewController.swift */; };
/* End PBXBuildFile section */

/* Begin PBXContainerItemProxy section */
		991595E31DE5D97B00D3CA1F /* PBXContainerItemProxy */ = {
			isa = PBXContainerItemProxy;
			containerPortal = 995E79491DD9A403006CE7E9 /* EZPlayer.xcodeproj */;
			proxyType = 1;
			remoteGlobalIDString = 995E79161DD99D5A006CE7E9;
			remoteInfo = EZPlayer;
		};
		995E794D1DD9A404006CE7E9 /* PBXContainerItemProxy */ = {
			isa = PBXContainerItemProxy;
			containerPortal = 995E79491DD9A403006CE7E9 /* EZPlayer.xcodeproj */;
			proxyType = 2;
			remoteGlobalIDString = 995E79171DD99D5A006CE7E9;
			remoteInfo = EZPlayer;
		};
		995E794F1DD9A41A006CE7E9 /* PBXContainerItemProxy */ = {
			isa = PBXContainerItemProxy;
			containerPortal = 995E79491DD9A403006CE7E9 /* EZPlayer.xcodeproj */;
			proxyType = 1;
			remoteGlobalIDString = 995E79161DD99D5A006CE7E9;
			remoteInfo = EZPlayer;
		};
/* End PBXContainerItemProxy section */

/* Begin PBXCopyFilesBuildPhase section */
		991595E51DE5D97B00D3CA1F /* Embed Frameworks */ = {
			isa = PBXCopyFilesBuildPhase;
			buildActionMask = 2147483647;
			dstPath = "";
			dstSubfolderSpec = 10;
			files = (
				991595E21DE5D97B00D3CA1F /* EZPlayer.framework in Embed Frameworks */,
			);
			name = "Embed Frameworks";
			runOnlyForDeploymentPostprocessing = 0;
		};
/* End PBXCopyFilesBuildPhase section */

/* Begin PBXFileReference section */
		9903EB6D1E0CE4A60021AACA /* ParamsEmbedTableViewController.swift */ = {isa = PBXFileReference; fileEncoding = 4; lastKnownFileType = sourcecode.swift; path = ParamsEmbedTableViewController.swift; sourceTree = "<group>"; };
		99145C4E1E15818000891B06 /* Utils.swift */ = {isa = PBXFileReference; fileEncoding = 4; lastKnownFileType = sourcecode.swift; path = Utils.swift; sourceTree = "<group>"; };
		99145C501E15862600891B06 /* blackhole.mp4 */ = {isa = PBXFileReference; lastKnownFileType = file; path = blackhole.mp4; sourceTree = "<group>"; };
		99145C511E15862600891B06 /* Charlie The Unicorn.m4v */ = {isa = PBXFileReference; lastKnownFileType = file; path = "Charlie The Unicorn.m4v"; sourceTree = "<group>"; };
		99145C561E16685400891B06 /* VideosTableViewController.swift */ = {isa = PBXFileReference; fileEncoding = 4; lastKnownFileType = sourcecode.swift; path = VideosTableViewController.swift; sourceTree = "<group>"; };
		9914922A1DDBDA5F005FF2BD /* MediaManager.swift */ = {isa = PBXFileReference; fileEncoding = 4; lastKnownFileType = sourcecode.swift; path = MediaManager.swift; sourceTree = "<group>"; };
		9914922C1DDBDF79005FF2BD /* MediaItem.swift */ = {isa = PBXFileReference; fileEncoding = 4; lastKnownFileType = sourcecode.swift; path = MediaItem.swift; sourceTree = "<group>"; };
		99453E061DE41F5100BBF2FB /* hubblecast.m4v */ = {isa = PBXFileReference; lastKnownFileType = file; path = hubblecast.m4v; sourceTree = "<group>"; };
		99504F7E1DE6C3BF00E1058D /* testVideo-0.ts */ = {isa = PBXFileReference; lastKnownFileType = file; path = "testVideo-0.ts"; sourceTree = "<group>"; };
		99504F7F1DE6C3BF00E1058D /* testVideo-1.ts */ = {isa = PBXFileReference; lastKnownFileType = file; path = "testVideo-1.ts"; sourceTree = "<group>"; };
		99504F801DE6C3BF00E1058D /* testVideo.m3u8 */ = {isa = PBXFileReference; fileEncoding = 4; lastKnownFileType = text; path = testVideo.m3u8; sourceTree = "<group>"; };
		995E79341DD9A3CF006CE7E9 /* EZPlayerExample.app */ = {isa = PBXFileReference; explicitFileType = wrapper.application; includeInIndex = 0; path = EZPlayerExample.app; sourceTree = BUILT_PRODUCTS_DIR; };
		995E79371DD9A3CF006CE7E9 /* AppDelegate.swift */ = {isa = PBXFileReference; lastKnownFileType = sourcecode.swift; path = AppDelegate.swift; sourceTree = "<group>"; };
		995E793C1DD9A3CF006CE7E9 /* Base */ = {isa = PBXFileReference; lastKnownFileType = file.storyboard; name = Base; path = Base.lproj/Main.storyboard; sourceTree = "<group>"; };
		995E793E1DD9A3CF006CE7E9 /* Assets.xcassets */ = {isa = PBXFileReference; lastKnownFileType = folder.assetcatalog; path = Assets.xcassets; sourceTree = "<group>"; };
		995E79411DD9A3CF006CE7E9 /* Base */ = {isa = PBXFileReference; lastKnownFileType = file.storyboard; name = Base; path = Base.lproj/LaunchScreen.storyboard; sourceTree = "<group>"; };
		995E79431DD9A3CF006CE7E9 /* Info.plist */ = {isa = PBXFileReference; lastKnownFileType = text.plist.xml; path = Info.plist; sourceTree = "<group>"; };
		995E79491DD9A403006CE7E9 /* EZPlayer.xcodeproj */ = {isa = PBXFileReference; lastKnownFileType = "wrapper.pb-project"; name = EZPlayer.xcodeproj; path = ../EZPlayer.xcodeproj; sourceTree = "<group>"; };
		99C1A2C61DDB46510096A543 /* TabBarController.swift */ = {isa = PBXFileReference; fileEncoding = 4; lastKnownFileType = sourcecode.swift; path = TabBarController.swift; sourceTree = "<group>"; };
		99C1A2C81DDBC8EF0096A543 /* NavigationController.swift */ = {isa = PBXFileReference; fileEncoding = 4; lastKnownFileType = sourcecode.swift; path = NavigationController.swift; sourceTree = "<group>"; };
		99C1A2CC1DDBC9870096A543 /* ParamsViewController.swift */ = {isa = PBXFileReference; fileEncoding = 4; lastKnownFileType = sourcecode.swift; path = ParamsViewController.swift; sourceTree = "<group>"; };
/* End PBXFileReference section */

/* Begin PBXFrameworksBuildPhase section */
		995E79311DD9A3CF006CE7E9 /* Frameworks */ = {
			isa = PBXFrameworksBuildPhase;
			buildActionMask = 2147483647;
			files = (
				9914922E1DDBF442005FF2BD /* EZPlayer.framework in Frameworks */,
			);
			runOnlyForDeploymentPostprocessing = 0;
		};
/* End PBXFrameworksBuildPhase section */

/* Begin PBXGroup section */
		99453E051DE41F5100BBF2FB /* Resources */ = {
			isa = PBXGroup;
			children = (
				99504F7D1DE6C3BF00E1058D /* localm3u8 */,
				99453E061DE41F5100BBF2FB /* hubblecast.m4v */,
				99145C511E15862600891B06 /* Charlie The Unicorn.m4v */,
				99145C501E15862600891B06 /* blackhole.mp4 */,
			);
			path = Resources;
			sourceTree = "<group>";
		};
		99504F7D1DE6C3BF00E1058D /* localm3u8 */ = {
			isa = PBXGroup;
			children = (
				99504F7E1DE6C3BF00E1058D /* testVideo-0.ts */,
				99504F7F1DE6C3BF00E1058D /* testVideo-1.ts */,
				99504F801DE6C3BF00E1058D /* testVideo.m3u8 */,
			);
			path = localm3u8;
			sourceTree = "<group>";
		};
		995E792B1DD9A3CF006CE7E9 = {
			isa = PBXGroup;
			children = (
				995E79491DD9A403006CE7E9 /* EZPlayer.xcodeproj */,
				995E79361DD9A3CF006CE7E9 /* EZPlayerExample */,
				995E79351DD9A3CF006CE7E9 /* Products */,
			);
			sourceTree = "<group>";
		};
		995E79351DD9A3CF006CE7E9 /* Products */ = {
			isa = PBXGroup;
			children = (
				995E79341DD9A3CF006CE7E9 /* EZPlayerExample.app */,
			);
			name = Products;
			sourceTree = "<group>";
		};
		995E79361DD9A3CF006CE7E9 /* EZPlayerExample */ = {
			isa = PBXGroup;
			children = (
				99453E051DE41F5100BBF2FB /* Resources */,
				9914922C1DDBDF79005FF2BD /* MediaItem.swift */,
				9914922A1DDBDA5F005FF2BD /* MediaManager.swift */,
				995E79371DD9A3CF006CE7E9 /* AppDelegate.swift */,
				99C1A2C61DDB46510096A543 /* TabBarController.swift */,
				99C1A2C81DDBC8EF0096A543 /* NavigationController.swift */,
				99C1A2CC1DDBC9870096A543 /* ParamsViewController.swift */,
				9903EB6D1E0CE4A60021AACA /* ParamsEmbedTableViewController.swift */,
				99145C561E16685400891B06 /* VideosTableViewController.swift */,
				99145C4E1E15818000891B06 /* Utils.swift */,
				995E793B1DD9A3CF006CE7E9 /* Main.storyboard */,
				995E793E1DD9A3CF006CE7E9 /* Assets.xcassets */,
				995E79401DD9A3CF006CE7E9 /* LaunchScreen.storyboard */,
				995E79431DD9A3CF006CE7E9 /* Info.plist */,
			);
			path = EZPlayerExample;
			sourceTree = "<group>";
		};
		995E794A1DD9A403006CE7E9 /* Products */ = {
			isa = PBXGroup;
			children = (
				995E794E1DD9A404006CE7E9 /* EZPlayer.framework */,
			);
			name = Products;
			sourceTree = "<group>";
		};
/* End PBXGroup section */

/* Begin PBXNativeTarget section */
		995E79331DD9A3CF006CE7E9 /* EZPlayerExample */ = {
			isa = PBXNativeTarget;
			buildConfigurationList = 995E79461DD9A3CF006CE7E9 /* Build configuration list for PBXNativeTarget "EZPlayerExample" */;
			buildPhases = (
				995E79301DD9A3CF006CE7E9 /* Sources */,
				995E79311DD9A3CF006CE7E9 /* Frameworks */,
				995E79321DD9A3CF006CE7E9 /* Resources */,
				991595E51DE5D97B00D3CA1F /* Embed Frameworks */,
			);
			buildRules = (
			);
			dependencies = (
				995E79501DD9A41A006CE7E9 /* PBXTargetDependency */,
				991595E41DE5D97B00D3CA1F /* PBXTargetDependency */,
			);
			name = EZPlayerExample;
			productName = EZPlayerExample;
			productReference = 995E79341DD9A3CF006CE7E9 /* EZPlayerExample.app */;
			productType = "com.apple.product-type.application";
		};
/* End PBXNativeTarget section */

/* Begin PBXProject section */
		995E792C1DD9A3CF006CE7E9 /* Project object */ = {
			isa = PBXProject;
			attributes = {
				LastSwiftUpdateCheck = 0810;
				LastUpgradeCheck = 1130;
				ORGANIZATIONNAME = "yangjun zhu";
				TargetAttributes = {
					995E79331DD9A3CF006CE7E9 = {
						CreatedOnToolsVersion = 8.1;
						DevelopmentTeam = 3X4R4KE83C;
						LastSwiftMigration = 0900;
						ProvisioningStyle = Manual;
						SystemCapabilities = {
							com.apple.BackgroundModes = {
								enabled = 1;
							};
						};
					};
				};
			};
			buildConfigurationList = 995E792F1DD9A3CF006CE7E9 /* Build configuration list for PBXProject "EZPlayerExample" */;
			compatibilityVersion = "Xcode 3.2";
			developmentRegion = en;
			hasScannedForEncodings = 0;
			knownRegions = (
				en,
				Base,
			);
			mainGroup = 995E792B1DD9A3CF006CE7E9;
			productRefGroup = 995E79351DD9A3CF006CE7E9 /* Products */;
			projectDirPath = "";
			projectReferences = (
				{
					ProductGroup = 995E794A1DD9A403006CE7E9 /* Products */;
					ProjectRef = 995E79491DD9A403006CE7E9 /* EZPlayer.xcodeproj */;
				},
			);
			projectRoot = "";
			targets = (
				995E79331DD9A3CF006CE7E9 /* EZPlayerExample */,
			);
		};
/* End PBXProject section */

/* Begin PBXReferenceProxy section */
		995E794E1DD9A404006CE7E9 /* EZPlayer.framework */ = {
			isa = PBXReferenceProxy;
			fileType = wrapper.framework;
			path = EZPlayer.framework;
			remoteRef = 995E794D1DD9A404006CE7E9 /* PBXContainerItemProxy */;
			sourceTree = BUILT_PRODUCTS_DIR;
		};
/* End PBXReferenceProxy section */

/* Begin PBXResourcesBuildPhase section */
		995E79321DD9A3CF006CE7E9 /* Resources */ = {
			isa = PBXResourcesBuildPhase;
			buildActionMask = 2147483647;
			files = (
				99453E071DE41F5100BBF2FB /* hubblecast.m4v in Resources */,
				99145C531E15862600891B06 /* Charlie The Unicorn.m4v in Resources */,
				99145C521E15862600891B06 /* blackhole.mp4 in Resources */,
				99504F831DE6C3BF00E1058D /* testVideo.m3u8 in Resources */,
				995E79421DD9A3CF006CE7E9 /* LaunchScreen.storyboard in Resources */,
				99504F811DE6C3BF00E1058D /* testVideo-0.ts in Resources */,
				995E793F1DD9A3CF006CE7E9 /* Assets.xcassets in Resources */,
				99504F821DE6C3BF00E1058D /* testVideo-1.ts in Resources */,
				995E793D1DD9A3CF006CE7E9 /* Main.storyboard in Resources */,
			);
			runOnlyForDeploymentPostprocessing = 0;
		};
/* End PBXResourcesBuildPhase section */

/* Begin PBXSourcesBuildPhase section */
		995E79301DD9A3CF006CE7E9 /* Sources */ = {
			isa = PBXSourcesBuildPhase;
			buildActionMask = 2147483647;
			files = (
				9914922D1DDBDF79005FF2BD /* MediaItem.swift in Sources */,
				99C1A2C71DDB46510096A543 /* TabBarController.swift in Sources */,
				99145C4F1E15818000891B06 /* Utils.swift in Sources */,
				99C1A2C91DDBC8EF0096A543 /* NavigationController.swift in Sources */,
				99C1A2CD1DDBC9870096A543 /* ParamsViewController.swift in Sources */,
				99145C571E16685400891B06 /* VideosTableViewController.swift in Sources */,
				9914922B1DDBDA5F005FF2BD /* MediaManager.swift in Sources */,
				995E79381DD9A3CF006CE7E9 /* AppDelegate.swift in Sources */,
				9903EB6E1E0CE4A60021AACA /* ParamsEmbedTableViewController.swift in Sources */,
			);
			runOnlyForDeploymentPostprocessing = 0;
		};
/* End PBXSourcesBuildPhase section */

/* Begin PBXTargetDependency section */
		991595E41DE5D97B00D3CA1F /* PBXTargetDependency */ = {
			isa = PBXTargetDependency;
			name = EZPlayer;
			targetProxy = 991595E31DE5D97B00D3CA1F /* PBXContainerItemProxy */;
		};
		995E79501DD9A41A006CE7E9 /* PBXTargetDependency */ = {
			isa = PBXTargetDependency;
			name = EZPlayer;
			targetProxy = 995E794F1DD9A41A006CE7E9 /* PBXContainerItemProxy */;
		};
/* End PBXTargetDependency section */

/* Begin PBXVariantGroup section */
		995E793B1DD9A3CF006CE7E9 /* Main.storyboard */ = {
			isa = PBXVariantGroup;
			children = (
				995E793C1DD9A3CF006CE7E9 /* Base */,
			);
			name = Main.storyboard;
			sourceTree = "<group>";
		};
		995E79401DD9A3CF006CE7E9 /* LaunchScreen.storyboard */ = {
			isa = PBXVariantGroup;
			children = (
				995E79411DD9A3CF006CE7E9 /* Base */,
			);
			name = LaunchScreen.storyboard;
			sourceTree = "<group>";
		};
/* End PBXVariantGroup section */

/* Begin XCBuildConfiguration section */
		995E79441DD9A3CF006CE7E9 /* Debug */ = {
			isa = XCBuildConfiguration;
			buildSettings = {
				ALWAYS_SEARCH_USER_PATHS = NO;
				CLANG_ANALYZER_NONNULL = YES;
				CLANG_CXX_LANGUAGE_STANDARD = "gnu++0x";
				CLANG_CXX_LIBRARY = "libc++";
				CLANG_ENABLE_MODULES = YES;
				CLANG_ENABLE_OBJC_ARC = YES;
				CLANG_WARN_BLOCK_CAPTURE_AUTORELEASING = YES;
				CLANG_WARN_BOOL_CONVERSION = YES;
				CLANG_WARN_COMMA = YES;
				CLANG_WARN_CONSTANT_CONVERSION = YES;
				CLANG_WARN_DEPRECATED_OBJC_IMPLEMENTATIONS = YES;
				CLANG_WARN_DIRECT_OBJC_ISA_USAGE = YES_ERROR;
				CLANG_WARN_DOCUMENTATION_COMMENTS = YES;
				CLANG_WARN_EMPTY_BODY = YES;
				CLANG_WARN_ENUM_CONVERSION = YES;
				CLANG_WARN_INFINITE_RECURSION = YES;
				CLANG_WARN_INT_CONVERSION = YES;
				CLANG_WARN_NON_LITERAL_NULL_CONVERSION = YES;
				CLANG_WARN_OBJC_IMPLICIT_RETAIN_SELF = YES;
				CLANG_WARN_OBJC_LITERAL_CONVERSION = YES;
				CLANG_WARN_OBJC_ROOT_CLASS = YES_ERROR;
				CLANG_WARN_RANGE_LOOP_ANALYSIS = YES;
				CLANG_WARN_STRICT_PROTOTYPES = YES;
				CLANG_WARN_SUSPICIOUS_MOVE = YES;
				CLANG_WARN_SUSPICIOUS_MOVES = YES;
				CLANG_WARN_UNREACHABLE_CODE = YES;
				CLANG_WARN__DUPLICATE_METHOD_MATCH = YES;
				"CODE_SIGN_IDENTITY[sdk=iphoneos*]" = "iPhone Developer";
				COPY_PHASE_STRIP = NO;
				DEBUG_INFORMATION_FORMAT = dwarf;
				ENABLE_STRICT_OBJC_MSGSEND = YES;
				ENABLE_TESTABILITY = YES;
				GCC_C_LANGUAGE_STANDARD = gnu99;
				GCC_DYNAMIC_NO_PIC = NO;
				GCC_NO_COMMON_BLOCKS = YES;
				GCC_OPTIMIZATION_LEVEL = 0;
				GCC_PREPROCESSOR_DEFINITIONS = (
					"DEBUG=1",
					"$(inherited)",
				);
				GCC_WARN_64_TO_32_BIT_CONVERSION = YES;
				GCC_WARN_ABOUT_RETURN_TYPE = YES_ERROR;
				GCC_WARN_UNDECLARED_SELECTOR = YES;
				GCC_WARN_UNINITIALIZED_AUTOS = YES_AGGRESSIVE;
				GCC_WARN_UNUSED_FUNCTION = YES;
				GCC_WARN_UNUSED_VARIABLE = YES;
				IPHONEOS_DEPLOYMENT_TARGET = 8.0;
				MTL_ENABLE_DEBUG_INFO = YES;
				ONLY_ACTIVE_ARCH = YES;
				SDKROOT = iphoneos;
				SWIFT_ACTIVE_COMPILATION_CONDITIONS = DEBUG;
				SWIFT_OPTIMIZATION_LEVEL = "-Onone";
			};
			name = Debug;
		};
		995E79451DD9A3CF006CE7E9 /* Release */ = {
			isa = XCBuildConfiguration;
			buildSettings = {
				ALWAYS_SEARCH_USER_PATHS = NO;
				CLANG_ANALYZER_NONNULL = YES;
				CLANG_CXX_LANGUAGE_STANDARD = "gnu++0x";
				CLANG_CXX_LIBRARY = "libc++";
				CLANG_ENABLE_MODULES = YES;
				CLANG_ENABLE_OBJC_ARC = YES;
				CLANG_WARN_BLOCK_CAPTURE_AUTORELEASING = YES;
				CLANG_WARN_BOOL_CONVERSION = YES;
				CLANG_WARN_COMMA = YES;
				CLANG_WARN_CONSTANT_CONVERSION = YES;
				CLANG_WARN_DEPRECATED_OBJC_IMPLEMENTATIONS = YES;
				CLANG_WARN_DIRECT_OBJC_ISA_USAGE = YES_ERROR;
				CLANG_WARN_DOCUMENTATION_COMMENTS = YES;
				CLANG_WARN_EMPTY_BODY = YES;
				CLANG_WARN_ENUM_CONVERSION = YES;
				CLANG_WARN_INFINITE_RECURSION = YES;
				CLANG_WARN_INT_CONVERSION = YES;
				CLANG_WARN_NON_LITERAL_NULL_CONVERSION = YES;
				CLANG_WARN_OBJC_IMPLICIT_RETAIN_SELF = YES;
				CLANG_WARN_OBJC_LITERAL_CONVERSION = YES;
				CLANG_WARN_OBJC_ROOT_CLASS = YES_ERROR;
				CLANG_WARN_RANGE_LOOP_ANALYSIS = YES;
				CLANG_WARN_STRICT_PROTOTYPES = YES;
				CLANG_WARN_SUSPICIOUS_MOVE = YES;
				CLANG_WARN_SUSPICIOUS_MOVES = YES;
				CLANG_WARN_UNREACHABLE_CODE = YES;
				CLANG_WARN__DUPLICATE_METHOD_MATCH = YES;
				"CODE_SIGN_IDENTITY[sdk=iphoneos*]" = "iPhone Developer";
				COPY_PHASE_STRIP = NO;
				DEBUG_INFORMATION_FORMAT = "dwarf-with-dsym";
				ENABLE_NS_ASSERTIONS = NO;
				ENABLE_STRICT_OBJC_MSGSEND = YES;
				GCC_C_LANGUAGE_STANDARD = gnu99;
				GCC_NO_COMMON_BLOCKS = YES;
				GCC_WARN_64_TO_32_BIT_CONVERSION = YES;
				GCC_WARN_ABOUT_RETURN_TYPE = YES_ERROR;
				GCC_WARN_UNDECLARED_SELECTOR = YES;
				GCC_WARN_UNINITIALIZED_AUTOS = YES_AGGRESSIVE;
				GCC_WARN_UNUSED_FUNCTION = YES;
				GCC_WARN_UNUSED_VARIABLE = YES;
				IPHONEOS_DEPLOYMENT_TARGET = 8.0;
				MTL_ENABLE_DEBUG_INFO = NO;
				SDKROOT = iphoneos;
				SWIFT_OPTIMIZATION_LEVEL = "-Owholemodule";
				VALIDATE_PRODUCT = YES;
			};
			name = Release;
		};
		995E79471DD9A3CF006CE7E9 /* Debug */ = {
			isa = XCBuildConfiguration;
			buildSettings = {
				ALWAYS_EMBED_SWIFT_STANDARD_LIBRARIES = YES;
				ASSETCATALOG_COMPILER_APPICON_NAME = AppIcon;
				CODE_SIGN_IDENTITY = "iPhone Developer: yangjun zhu (8NM4W5ZF88)";
				DEVELOPMENT_TEAM = 3X4R4KE83C;
				INFOPLIST_FILE = EZPlayerExample/Info.plist;
				IPHONEOS_DEPLOYMENT_TARGET = 8.0;
				LD_RUNPATH_SEARCH_PATHS = "$(inherited) @executable_path/Frameworks";
				PRODUCT_BUNDLE_IDENTIFIER = com.ouka.EZPlayerExample444;
				PRODUCT_NAME = "$(TARGET_NAME)";
				PROVISIONING_PROFILE = "2657682a-3417-4273-8f10-3cb693f836dd";
				PROVISIONING_PROFILE_SPECIFIER = allDev;
				SWIFT_SWIFT3_OBJC_INFERENCE = Off;
				SWIFT_VERSION = 5.0;
				TARGETED_DEVICE_FAMILY = "1,2";
			};
			name = Debug;
		};
		995E79481DD9A3CF006CE7E9 /* Release */ = {
			isa = XCBuildConfiguration;
			buildSettings = {
				ALWAYS_EMBED_SWIFT_STANDARD_LIBRARIES = YES;
				ASSETCATALOG_COMPILER_APPICON_NAME = AppIcon;
				CODE_SIGN_IDENTITY = "iPhone Developer: yangjun zhu (8NM4W5ZF88)";
				DEVELOPMENT_TEAM = "";
				INFOPLIST_FILE = EZPlayerExample/Info.plist;
				IPHONEOS_DEPLOYMENT_TARGET = 8.0;
				LD_RUNPATH_SEARCH_PATHS = "$(inherited) @executable_path/Frameworks";
				PRODUCT_BUNDLE_IDENTIFIER = com.ouka.EZPlayerExample444;
				PRODUCT_NAME = "$(TARGET_NAME)";
				PROVISIONING_PROFILE = "31668c18-3b12-4845-b51c-88e8f2c2dd79";
				PROVISIONING_PROFILE_SPECIFIER = FreeForAll_dev;
				SWIFT_SWIFT3_OBJC_INFERENCE = Off;
				SWIFT_VERSION = 5.0;
				TARGETED_DEVICE_FAMILY = "1,2";
			};
			name = Release;
		};
/* End XCBuildConfiguration section */

/* Begin XCConfigurationList section */
		995E792F1DD9A3CF006CE7E9 /* Build configuration list for PBXProject "EZPlayerExample" */ = {
			isa = XCConfigurationList;
			buildConfigurations = (
				995E79441DD9A3CF006CE7E9 /* Debug */,
				995E79451DD9A3CF006CE7E9 /* Release */,
			);
			defaultConfigurationIsVisible = 0;
			defaultConfigurationName = Release;
		};
		995E79461DD9A3CF006CE7E9 /* Build configuration list for PBXNativeTarget "EZPlayerExample" */ = {
			isa = XCConfigurationList;
			buildConfigurations = (
				995E79471DD9A3CF006CE7E9 /* Debug */,
				995E79481DD9A3CF006CE7E9 /* Release */,
			);
			defaultConfigurationIsVisible = 0;
			defaultConfigurationName = Release;
		};
/* End XCConfigurationList section */
	};
	rootObject = 995E792C1DD9A3CF006CE7E9 /* Project object */;
}
